Microsoft Visual Studio Solution File, Format Version 12.00
# Visual Studio 15
VisualStudioVersion = 15.0.27703.2000
MinimumVisualStudioVersion = 10.0.40219.1
Project("{8BC9CEB8-8B4A-11D0-8D11-00A0C91BC942}") = "libmfx_vs2015", "api\mfx_dispatch\windows\libmfx_vs2015.vcxproj", "{A9F7AEFB-DC6C-49E8-8E71-5351ABDCE627}"
EndProject
Project("{8BC9CEB8-8B4A-11D0-8D11-00A0C91BC942}") = "sample_common", "samples\sample_common\sample_common.vcxproj", "{5FADB243-53C3-4776-A20F-8BD65C10CF41}"
EndProject
Project("{8BC9CEB8-8B4A-11D0-8D11-00A0C91BC942}") = "sample_decode", "samples\sample_decode\sample_decode.vcxproj", "{F22D082D-FDDD-4946-A11B-5276F0994C74}"
	ProjectSection(ProjectDependencies) = postProject
		{A9F7AEFB-DC6C-49E8-8E71-5351ABDCE627} = {A9F7AEFB-DC6C-49E8-8E71-5351ABDCE627}
	EndProjectSection
EndProject
Project("{8BC9CEB8-8B4A-11D0-8D11-00A0C91BC942}") = "sample_encode", "samples\sample_encode\sample_encode.vcxproj", "{33834A6A-4466-4339-8C7C-FBA250BC1957}"
	ProjectSection(ProjectDependencies) = postProject
		{A9F7AEFB-DC6C-49E8-8E71-5351ABDCE627} = {A9F7AEFB-DC6C-49E8-8E71-5351ABDCE627}
	EndProjectSection
EndProject
Project("{8BC9CEB8-8B4A-11D0-8D11-00A0C91BC942}") = "sample_multi_transcode", "samples\sample_multi_transcode\sample_multi_transcode.vcxproj", "{58D93FCA-FDE9-4D22-8E8D-402EEBACF2BD}"
	ProjectSection(ProjectDependencies) = postProject
		{A9F7AEFB-DC6C-49E8-8E71-5351ABDCE627} = {A9F7AEFB-DC6C-49E8-8E71-5351ABDCE627}
	EndProjectSection
EndProject
Project("{8BC9CEB8-8B4A-11D0-8D11-00A0C91BC942}") = "sample_rotate_plugin", "samples\sample_plugins\rotate_cpu\sample_rotate_plugin.vcxproj", "{C5F515E3-379A-4678-B947-509B3603D826}"
EndProject
Project("{8BC9CEB8-8B4A-11D0-8D11-00A0C91BC942}") = "vpp_plugin", "samples\sample_plugins\vpp_plugin\vpp_plugin.vcxproj", "{474EF95D-3579-411B-9DDB-88B49F923D65}"
EndProject
Project("{2150E333-8FDC-42A3-9474-1A3956D46DE8}") = "Sample plugins", "Sample plugins", "{E4C0D92D-FE15-43AE-A86D-A9866C0A50E6}"
EndProject
Project("{2150E333-8FDC-42A3-9474-1A3956D46DE8}") = "Samples", "Samples", "{CD184324-7B3B-48FD-9B41-4A4638B41459}"
EndProject
Project("{2150E333-8FDC-42A3-9474-1A3956D46DE8}") = "Tutorials", "Tutorials", "{37F1D2F6-0C25-455B-BD67-F4CCF9D6F58B}"
EndProject
Project("{8BC9CEB8-8B4A-11D0-8D11-00A0C91BC942}") = "libmfx_uwp", "api\mfx_dispatch\windows\libmfx_uwp.vcxproj", "{336AEFC3-987C-40AA-9678-E8BF1EC9C26F}"
EndProject
Project("{8BC9CEB8-8B4A-11D0-8D11-00A0C91BC942}") = "simple_decode_hddl", "tutorials\simple_2_decode_hddl\simple_decode_hddl.vcxproj", "{C3AB6DDB-905E-4E89-BA6A-AEA134931531}"
EndProject
Project("{8BC9CEB8-8B4A-11D0-8D11-00A0C91BC942}") = "simple_transcode_hddl", "tutorials\simple_5_transcode_hddl\simple_transcode_hddl.vcxproj", "{A108F78A-8042-47FB-924C-F1AA7889BAB8}"
EndProject
Project("{8BC9CEB8-8B4A-11D0-8D11-00A0C91BC942}") = "libva-kmb", "libva\libva-kmb\libva-kmb.vcxproj", "{E61A5F00-A221-4DDB-8B41-7978E4436150}"
EndProject
Project("{8BC9CEB8-8B4A-11D0-8D11-00A0C91BC942}") = "vaapi_shim_windows", "libva\vaapi_bypass_windows\vaapi_shim_windows.vcxproj", "{FAE192C6-C961-4FB1-89AB-FE61D3CC57D0}"
EndProject
Project("{2150E333-8FDC-42A3-9474-1A3956D46DE8}") = "LibVA", "LibVA", "{E075C71A-5A7F-434B-8235-CE0C6BE07178}"
EndProject
Global
	GlobalSection(SolutionConfigurationPlatforms) = preSolution
		Debug|ARM = Debug|ARM
		Debug|Win32 = Debug|Win32
		Debug|x64 = Debug|x64
		Release|ARM = Release|ARM
		Release|Win32 = Release|Win32
		Release|x64 = Release|x64
	EndGlobalSection
	GlobalSection(ProjectConfigurationPlatforms) = postSolution
		{A9F7AEFB-DC6C-49E8-8E71-5351ABDCE627}.Debug|ARM.ActiveCfg = Debug|Win32
		{A9F7AEFB-DC6C-49E8-8E71-5351ABDCE627}.Debug|Win32.ActiveCfg = Debug|Win32
		{A9F7AEFB-DC6C-49E8-8E71-5351ABDCE627}.Debug|Win32.Build.0 = Debug|Win32
		{A9F7AEFB-DC6C-49E8-8E71-5351ABDCE627}.Debug|x64.ActiveCfg = Debug|x64
		{A9F7AEFB-DC6C-49E8-8E71-5351ABDCE627}.Debug|x64.Build.0 = Debug|x64
		{A9F7AEFB-DC6C-49E8-8E71-5351ABDCE627}.Release|ARM.ActiveCfg = Release|Win32
		{A9F7AEFB-DC6C-49E8-8E71-5351ABDCE627}.Release|Win32.ActiveCfg = Release|Win32
		{A9F7AEFB-DC6C-49E8-8E71-5351ABDCE627}.Release|Win32.Build.0 = Release|Win32
		{A9F7AEFB-DC6C-49E8-8E71-5351ABDCE627}.Release|x64.ActiveCfg = Release|x64
		{A9F7AEFB-DC6C-49E8-8E71-5351ABDCE627}.Release|x64.Build.0 = Release|x64
		{5FADB243-53C3-4776-A20F-8BD65C10CF41}.Debug|ARM.ActiveCfg = Debug|Win32
		{5FADB243-53C3-4776-A20F-8BD65C10CF41}.Debug|Win32.ActiveCfg = Debug|Win32
		{5FADB243-53C3-4776-A20F-8BD65C10CF41}.Debug|Win32.Build.0 = Debug|Win32
		{5FADB243-53C3-4776-A20F-8BD65C10CF41}.Debug|x64.ActiveCfg = Debug|x64
		{5FADB243-53C3-4776-A20F-8BD65C10CF41}.Debug|x64.Build.0 = Debug|x64
		{5FADB243-53C3-4776-A20F-8BD65C10CF41}.Release|ARM.ActiveCfg = Release|Win32
		{5FADB243-53C3-4776-A20F-8BD65C10CF41}.Release|Win32.ActiveCfg = Release|Win32
		{5FADB243-53C3-4776-A20F-8BD65C10CF41}.Release|Win32.Build.0 = Release|Win32
		{5FADB243-53C3-4776-A20F-8BD65C10CF41}.Release|x64.ActiveCfg = Release|x64
		{5FADB243-53C3-4776-A20F-8BD65C10CF41}.Release|x64.Build.0 = Release|x64
		{F22D082D-FDDD-4946-A11B-5276F0994C74}.Debug|ARM.ActiveCfg = Debug|Win32
		{F22D082D-FDDD-4946-A11B-5276F0994C74}.Debug|Win32.ActiveCfg = Debug|Win32
		{F22D082D-FDDD-4946-A11B-5276F0994C74}.Debug|Win32.Build.0 = Debug|Win32
		{F22D082D-FDDD-4946-A11B-5276F0994C74}.Debug|x64.ActiveCfg = Debug|x64
		{F22D082D-FDDD-4946-A11B-5276F0994C74}.Debug|x64.Build.0 = Debug|x64
		{F22D082D-FDDD-4946-A11B-5276F0994C74}.Debug|x64.Deploy.0 = Debug|x64
		{F22D082D-FDDD-4946-A11B-5276F0994C74}.Release|ARM.ActiveCfg = Release|Win32
		{F22D082D-FDDD-4946-A11B-5276F0994C74}.Release|Win32.ActiveCfg = Release|Win32
		{F22D082D-FDDD-4946-A11B-5276F0994C74}.Release|Win32.Build.0 = Release|Win32
		{F22D082D-FDDD-4946-A11B-5276F0994C74}.Release|x64.ActiveCfg = Release|x64
		{F22D082D-FDDD-4946-A11B-5276F0994C74}.Release|x64.Build.0 = Release|x64
		{33834A6A-4466-4339-8C7C-FBA250BC1957}.Debug|ARM.ActiveCfg = Debug|Win32
		{33834A6A-4466-4339-8C7C-FBA250BC1957}.Debug|Win32.ActiveCfg = Debug|Win32
		{33834A6A-4466-4339-8C7C-FBA250BC1957}.Debug|Win32.Build.0 = Debug|Win32
		{33834A6A-4466-4339-8C7C-FBA250BC1957}.Debug|x64.ActiveCfg = Debug|x64
		{33834A6A-4466-4339-8C7C-FBA250BC1957}.Debug|x64.Build.0 = Debug|x64
		{33834A6A-4466-4339-8C7C-FBA250BC1957}.Debug|x64.Deploy.0 = Debug|x64
		{33834A6A-4466-4339-8C7C-FBA250BC1957}.Release|ARM.ActiveCfg = Release|Win32
		{33834A6A-4466-4339-8C7C-FBA250BC1957}.Release|Win32.ActiveCfg = Release|Win32
		{33834A6A-4466-4339-8C7C-FBA250BC1957}.Release|Win32.Build.0 = Release|Win32
		{33834A6A-4466-4339-8C7C-FBA250BC1957}.Release|x64.ActiveCfg = Release|x64
		{33834A6A-4466-4339-8C7C-FBA250BC1957}.Release|x64.Build.0 = Release|x64
		{58D93FCA-FDE9-4D22-8E8D-402EEBACF2BD}.Debug|ARM.ActiveCfg = Debug|Win32
		{58D93FCA-FDE9-4D22-8E8D-402EEBACF2BD}.Debug|Win32.ActiveCfg = Debug|Win32
		{58D93FCA-FDE9-4D22-8E8D-402EEBACF2BD}.Debug|Win32.Build.0 = Debug|Win32
		{58D93FCA-FDE9-4D22-8E8D-402EEBACF2BD}.Debug|x64.ActiveCfg = Debug|x64
		{58D93FCA-FDE9-4D22-8E8D-402EEBACF2BD}.Debug|x64.Build.0 = Debug|x64
		{58D93FCA-FDE9-4D22-8E8D-402EEBACF2BD}.Release|ARM.ActiveCfg = Release|Win32
		{58D93FCA-FDE9-4D22-8E8D-402EEBACF2BD}.Release|Win32.ActiveCfg = Release|Win32
		{58D93FCA-FDE9-4D22-8E8D-402EEBACF2BD}.Release|Win32.Build.0 = Release|Win32
		{58D93FCA-FDE9-4D22-8E8D-402EEBACF2BD}.Release|x64.ActiveCfg = Release|x64
		{58D93FCA-FDE9-4D22-8E8D-402EEBACF2BD}.Release|x64.Build.0 = Release|x64
		{C5F515E3-379A-4678-B947-509B3603D826}.Debug|ARM.ActiveCfg = Debug|Win32
		{C5F515E3-379A-4678-B947-509B3603D826}.Debug|Win32.ActiveCfg = Debug|Win32
		{C5F515E3-379A-4678-B947-509B3603D826}.Debug|Win32.Build.0 = Debug|Win32
		{C5F515E3-379A-4678-B947-509B3603D826}.Debug|x64.ActiveCfg = Debug|x64
		{C5F515E3-379A-4678-B947-509B3603D826}.Debug|x64.Build.0 = Debug|x64
		{C5F515E3-379A-4678-B947-509B3603D826}.Release|ARM.ActiveCfg = Release|Win32
		{C5F515E3-379A-4678-B947-509B3603D826}.Release|Win32.ActiveCfg = Release|Win32
		{C5F515E3-379A-4678-B947-509B3603D826}.Release|Win32.Build.0 = Release|Win32
		{C5F515E3-379A-4678-B947-509B3603D826}.Release|x64.ActiveCfg = Release|x64
		{C5F515E3-379A-4678-B947-509B3603D826}.Release|x64.Build.0 = Release|x64
		{474EF95D-3579-411B-9DDB-88B49F923D65}.Debug|ARM.ActiveCfg = Debug|Win32
		{474EF95D-3579-411B-9DDB-88B49F923D65}.Debug|Win32.ActiveCfg = Debug|Win32
		{474EF95D-3579-411B-9DDB-88B49F923D65}.Debug|Win32.Build.0 = Debug|Win32
		{474EF95D-3579-411B-9DDB-88B49F923D65}.Debug|x64.ActiveCfg = Debug|x64
		{474EF95D-3579-411B-9DDB-88B49F923D65}.Debug|x64.Build.0 = Debug|x64
		{474EF95D-3579-411B-9DDB-88B49F923D65}.Release|ARM.ActiveCfg = Release|Win32
		{474EF95D-3579-411B-9DDB-88B49F923D65}.Release|Win32.ActiveCfg = Release|Win32
		{474EF95D-3579-411B-9DDB-88B49F923D65}.Release|Win32.Build.0 = Release|Win32
		{474EF95D-3579-411B-9DDB-88B49F923D65}.Release|x64.ActiveCfg = Release|x64
		{474EF95D-3579-411B-9DDB-88B49F923D65}.Release|x64.Build.0 = Release|x64
		{336AEFC3-987C-40AA-9678-E8BF1EC9C26F}.Debug|ARM.ActiveCfg = Debug|ARM
		{336AEFC3-987C-40AA-9678-E8BF1EC9C26F}.Debug|ARM.Build.0 = Debug|ARM
		{336AEFC3-987C-40AA-9678-E8BF1EC9C26F}.Debug|Win32.ActiveCfg = Debug|Win32
		{336AEFC3-987C-40AA-9678-E8BF1EC9C26F}.Debug|Win32.Build.0 = Debug|Win32
		{336AEFC3-987C-40AA-9678-E8BF1EC9C26F}.Debug|x64.ActiveCfg = Debug|x64
		{336AEFC3-987C-40AA-9678-E8BF1EC9C26F}.Debug|x64.Build.0 = Debug|x64
		{336AEFC3-987C-40AA-9678-E8BF1EC9C26F}.Release|ARM.ActiveCfg = Release|ARM
		{336AEFC3-987C-40AA-9678-E8BF1EC9C26F}.Release|ARM.Build.0 = Release|ARM
		{336AEFC3-987C-40AA-9678-E8BF1EC9C26F}.Release|Win32.ActiveCfg = Release|Win32
		{336AEFC3-987C-40AA-9678-E8BF1EC9C26F}.Release|Win32.Build.0 = Release|Win32
		{336AEFC3-987C-40AA-9678-E8BF1EC9C26F}.Release|x64.ActiveCfg = Release|x64
		{336AEFC3-987C-40AA-9678-E8BF1EC9C26F}.Release|x64.Build.0 = Release|x64
		{C3AB6DDB-905E-4E89-BA6A-AEA134931531}.Debug|ARM.ActiveCfg = Debug|Win32
		{C3AB6DDB-905E-4E89-BA6A-AEA134931531}.Debug|Win32.ActiveCfg = Debug|Win32
		{C3AB6DDB-905E-4E89-BA6A-AEA134931531}.Debug|Win32.Build.0 = Debug|Win32
		{C3AB6DDB-905E-4E89-BA6A-AEA134931531}.Debug|x64.ActiveCfg = Debug|x64
		{C3AB6DDB-905E-4E89-BA6A-AEA134931531}.Debug|x64.Build.0 = Debug|x64
		{C3AB6DDB-905E-4E89-BA6A-AEA134931531}.Release|ARM.ActiveCfg = Release|Win32
		{C3AB6DDB-905E-4E89-BA6A-AEA134931531}.Release|Win32.ActiveCfg = Release|Win32
		{C3AB6DDB-905E-4E89-BA6A-AEA134931531}.Release|Win32.Build.0 = Release|Win32
		{C3AB6DDB-905E-4E89-BA6A-AEA134931531}.Release|x64.ActiveCfg = Release|x64
		{C3AB6DDB-905E-4E89-BA6A-AEA134931531}.Release|x64.Build.0 = Release|x64
		{A108F78A-8042-47FB-924C-F1AA7889BAB8}.Debug|ARM.ActiveCfg = Debug|Win32
		{A108F78A-8042-47FB-924C-F1AA7889BAB8}.Debug|Win32.ActiveCfg = Debug|Win32
		{A108F78A-8042-47FB-924C-F1AA7889BAB8}.Debug|Win32.Build.0 = Debug|Win32
		{A108F78A-8042-47FB-924C-F1AA7889BAB8}.Debug|x64.ActiveCfg = Debug|x64
		{A108F78A-8042-47FB-924C-F1AA7889BAB8}.Debug|x64.Build.0 = Debug|x64
		{A108F78A-8042-47FB-924C-F1AA7889BAB8}.Release|ARM.ActiveCfg = Release|Win32
		{A108F78A-8042-47FB-924C-F1AA7889BAB8}.Release|Win32.ActiveCfg = Release|Win32
		{A108F78A-8042-47FB-924C-F1AA7889BAB8}.Release|Win32.Build.0 = Release|Win32
		{A108F78A-8042-47FB-924C-F1AA7889BAB8}.Release|x64.ActiveCfg = Release|x64
		{A108F78A-8042-47FB-924C-F1AA7889BAB8}.Release|x64.Build.0 = Release|x64
		{E61A5F00-A221-4DDB-8B41-7978E4436150}.Debug|ARM.ActiveCfg = Debug|Win32
		{E61A5F00-A221-4DDB-8B41-7978E4436150}.Debug|Win32.ActiveCfg = Debug|Win32
		{E61A5F00-A221-4DDB-8B41-7978E4436150}.Debug|Win32.Build.0 = Debug|Win32
		{E61A5F00-A221-4DDB-8B41-7978E4436150}.Debug|x64.ActiveCfg = Debug|x64
		{E61A5F00-A221-4DDB-8B41-7978E4436150}.Debug|x64.Build.0 = Debug|x64
		{E61A5F00-A221-4DDB-8B41-7978E4436150}.Release|ARM.ActiveCfg = Release|Win32
		{E61A5F00-A221-4DDB-8B41-7978E4436150}.Release|Win32.ActiveCfg = Release|Win32
		{E61A5F00-A221-4DDB-8B41-7978E4436150}.Release|Win32.Build.0 = Release|Win32
		{E61A5F00-A221-4DDB-8B41-7978E4436150}.Release|x64.ActiveCfg = Release|x64
		{E61A5F00-A221-4DDB-8B41-7978E4436150}.Release|x64.Build.0 = Release|x64
		{FAE192C6-C961-4FB1-89AB-FE61D3CC57D0}.Debug|ARM.ActiveCfg = Debug|Win32
		{FAE192C6-C961-4FB1-89AB-FE61D3CC57D0}.Debug|Win32.ActiveCfg = Debug|Win32
		{FAE192C6-C961-4FB1-89AB-FE61D3CC57D0}.Debug|Win32.Build.0 = Debug|Win32
		{FAE192C6-C961-4FB1-89AB-FE61D3CC57D0}.Debug|x64.ActiveCfg = Debug|x64
		{FAE192C6-C961-4FB1-89AB-FE61D3CC57D0}.Debug|x64.Build.0 = Debug|x64
		{FAE192C6-C961-4FB1-89AB-FE61D3CC57D0}.Release|ARM.ActiveCfg = Release|Win32
		{FAE192C6-C961-4FB1-89AB-FE61D3CC57D0}.Release|Win32.ActiveCfg = Release|Win32
		{FAE192C6-C961-4FB1-89AB-FE61D3CC57D0}.Release|Win32.Build.0 = Release|Win32
		{FAE192C6-C961-4FB1-89AB-FE61D3CC57D0}.Release|x64.ActiveCfg = Release|x64
		{FAE192C6-C961-4FB1-89AB-FE61D3CC57D0}.Release|x64.Build.0 = Release|x64
	EndGlobalSection
	GlobalSection(SolutionProperties) = preSolution
		HideSolutionNode = FALSE
	EndGlobalSection
	GlobalSection(NestedProjects) = preSolution
		{5FADB243-53C3-4776-A20F-8BD65C10CF41} = {CD184324-7B3B-48FD-9B41-4A4638B41459}
		{F22D082D-FDDD-4946-A11B-5276F0994C74} = {CD184324-7B3B-48FD-9B41-4A4638B41459}
		{33834A6A-4466-4339-8C7C-FBA250BC1957} = {CD184324-7B3B-48FD-9B41-4A4638B41459}
		{58D93FCA-FDE9-4D22-8E8D-402EEBACF2BD} = {CD184324-7B3B-48FD-9B41-4A4638B41459}
		{C5F515E3-379A-4678-B947-509B3603D826} = {E4C0D92D-FE15-43AE-A86D-A9866C0A50E6}
		{474EF95D-3579-411B-9DDB-88B49F923D65} = {E4C0D92D-FE15-43AE-A86D-A9866C0A50E6}
		{C3AB6DDB-905E-4E89-BA6A-AEA134931531} = {37F1D2F6-0C25-455B-BD67-F4CCF9D6F58B}
		{A108F78A-8042-47FB-924C-F1AA7889BAB8} = {37F1D2F6-0C25-455B-BD67-F4CCF9D6F58B}
		{E61A5F00-A221-4DDB-8B41-7978E4436150} = {E075C71A-5A7F-434B-8235-CE0C6BE07178}
		{FAE192C6-C961-4FB1-89AB-FE61D3CC57D0} = {E075C71A-5A7F-434B-8235-CE0C6BE07178}
	EndGlobalSection
	GlobalSection(ExtensibilityGlobals) = postSolution
		SolutionGuid = {B7A30992-2B34-4251-8573-4C023151A8C3}
	EndGlobalSection
EndGlobal
